
Microsoft Visual Studio Solution File, Format Version 12.00
# Visual Studio Version 17
VisualStudioVersion = 17.2.32519.379
MinimumVisualStudioVersion = 10.0.40219.1
Project("{FAE04EC0-301F-11D3-BF4B-00C04F79EFBC}") = "AppCalculatorAzure", "AppCalculatorAzure\AppCalculatorAzure.csproj", "{C79695A9-60E7-4C74-B3CB-6306BDE08C2D}"
EndProject
Global
	GlobalSection(SolutionConfigurationPlatforms) = preSolution
		Debug|Any CPU = Debug|Any CPU
		Release|Any CPU = Release|Any CPU
	EndGlobalSection
	GlobalSection(ProjectConfigurationPlatforms) = postSolution
		{C79695A9-60E7-4C74-B3CB-6306BDE08C2D}.Debug|Any CPU.ActiveCfg = Debug|Any CPU
		{C79695A9-60E7-4C74-B3CB-6306BDE08C2D}.Debug|Any CPU.Build.0 = Debug|Any CPU
		{C79695A9-60E7-4C74-B3CB-6306BDE08C2D}.Release|Any CPU.ActiveCfg = Release|Any CPU
		{C79695A9-60E7-4C74-B3CB-6306BDE08C2D}.Release|Any CPU.Build.0 = Release|Any CPU
	EndGlobalSection
	GlobalSection(SolutionProperties) = preSolution
		HideSolutionNode = FALSE
	EndGlobalSection
	GlobalSection(ExtensibilityGlobals) = postSolution
		SolutionGuid = {D34D8F0C-345D-4FF1-8ADD-1F1C0E9B9C17}
	EndGlobalSection
EndGlobal
